
Microsoft Visual Studio Solution File, Format Version 12.00
# Visual Studio 15
VisualStudioVersion = 15.0.28307.539
MinimumVisualStudioVersion = 10.0.40219.1
Project("{9A19103F-16F7-4668-BE54-9A1E7A4F7556}") = "Övning 1", "Övning 1\Övning 1.csproj", "{D2B29234-4511-4409-B354-03B0567F8D5B}"
EndProject
Project("{FAE04EC0-301F-11D3-BF4B-00C04F79EFBC}") = "Övning 2", "Övning 2\Övning 2.csproj", "{E0695F24-00C1-4859-82A4-6B445AEDB82B}"
EndProject
Project("{FAE04EC0-301F-11D3-BF4B-00C04F79EFBC}") = "Övning 3", "Övning 3\Övning 3.csproj", "{82F52D5B-3376-4D95-B98E-3196849B5A58}"
EndProject
Global
	GlobalSection(SolutionConfigurationPlatforms) = preSolution
		Debug|Any CPU = Debug|Any CPU
		Release|Any CPU = Release|Any CPU
	EndGlobalSection
	GlobalSection(ProjectConfigurationPlatforms) = postSolution
		{D2B29234-4511-4409-B354-03B0567F8D5B}.Debug|Any CPU.ActiveCfg = Debug|Any CPU
		{D2B29234-4511-4409-B354-03B0567F8D5B}.Debug|Any CPU.Build.0 = Debug|Any CPU
		{D2B29234-4511-4409-B354-03B0567F8D5B}.Release|Any CPU.ActiveCfg = Release|Any CPU
		{D2B29234-4511-4409-B354-03B0567F8D5B}.Release|Any CPU.Build.0 = Release|Any CPU
		{E0695F24-00C1-4859-82A4-6B445AEDB82B}.Debug|Any CPU.ActiveCfg = Debug|Any CPU
		{E0695F24-00C1-4859-82A4-6B445AEDB82B}.Debug|Any CPU.Build.0 = Debug|Any CPU
		{E0695F24-00C1-4859-82A4-6B445AEDB82B}.Release|Any CPU.ActiveCfg = Release|Any CPU
		{E0695F24-00C1-4859-82A4-6B445AEDB82B}.Release|Any CPU.Build.0 = Release|Any CPU
		{82F52D5B-3376-4D95-B98E-3196849B5A58}.Debug|Any CPU.ActiveCfg = Debug|Any CPU
		{82F52D5B-3376-4D95-B98E-3196849B5A58}.Debug|Any CPU.Build.0 = Debug|Any CPU
		{82F52D5B-3376-4D95-B98E-3196849B5A58}.Release|Any CPU.ActiveCfg = Release|Any CPU
		{82F52D5B-3376-4D95-B98E-3196849B5A58}.Release|Any CPU.Build.0 = Release|Any CPU
	EndGlobalSection
	GlobalSection(SolutionProperties) = preSolution
		HideSolutionNode = FALSE
	EndGlobalSection
	GlobalSection(ExtensibilityGlobals) = postSolution
		SolutionGuid = {91811F29-5F72-4978-A2F8-FAD4C4F3CEE8}
	EndGlobalSection
EndGlobal
