
Microsoft Visual Studio Solution File, Format Version 12.00
# Visual Studio 15
VisualStudioVersion = 15.0.28307.539
MinimumVisualStudioVersion = 10.0.40219.1
Project("{9A19103F-16F7-4668-BE54-9A1E7A4F7556}") = "Övning 1", "Övning 1\Övning 1.csproj", "{D2B29234-4511-4409-B354-03B0567F8D5B}"
EndProject
Project("{FAE04EC0-301F-11D3-BF4B-00C04F79EFBC}") = "Övning 2", "Övning 2\Övning 2.csproj", "{E0695F24-00C1-4859-82A4-6B445AEDB82B}"
EndProject
Project("{FAE04EC0-301F-11D3-BF4B-00C04F79EFBC}") = "Övning 3", "Övning 3\Övning 3.csproj", "{82F52D5B-3376-4D95-B98E-3196849B5A58}"
EndProject
Project("{FAE04EC0-301F-11D3-BF4B-00C04F79EFBC}") = "Övning 4", "Övning 4\Övning 4.csproj", "{F5B314C5-B431-47E1-A8EC-7F8654EBF42A}"
EndProject
Project("{FAE04EC0-301F-11D3-BF4B-00C04F79EFBC}") = "Övning 4 Extra", "Övning 4 Extra\Övning 4 Extra.csproj", "{316F919A-3752-4C48-A3F8-0EE37ABAAF02}"
EndProject
Project("{FAE04EC0-301F-11D3-BF4B-00C04F79EFBC}") = "Övning 5", "Övning 5\Övning 5.csproj", "{E168C005-5EF9-4932-B239-281D096F9842}"
EndProject
Project("{2150E333-8FDC-42A3-9474-1A3956D46DE8}") = "Övning 4", "Övning 4", "{39F6CAE1-C7AD-4CF0-AD05-C358B330E2AB}"
EndProject
Project("{2150E333-8FDC-42A3-9474-1A3956D46DE8}") = "Övning 5", "Övning 5", "{28B9CA55-6B64-4CE7-A288-C92B001D3D3A}"
EndProject
Global
	GlobalSection(SolutionConfigurationPlatforms) = preSolution
		Debug|Any CPU = Debug|Any CPU
		Release|Any CPU = Release|Any CPU
	EndGlobalSection
	GlobalSection(ProjectConfigurationPlatforms) = postSolution
		{D2B29234-4511-4409-B354-03B0567F8D5B}.Debug|Any CPU.ActiveCfg = Debug|Any CPU
		{D2B29234-4511-4409-B354-03B0567F8D5B}.Debug|Any CPU.Build.0 = Debug|Any CPU
		{D2B29234-4511-4409-B354-03B0567F8D5B}.Release|Any CPU.ActiveCfg = Release|Any CPU
		{D2B29234-4511-4409-B354-03B0567F8D5B}.Release|Any CPU.Build.0 = Release|Any CPU
		{E0695F24-00C1-4859-82A4-6B445AEDB82B}.Debug|Any CPU.ActiveCfg = Debug|Any CPU
		{E0695F24-00C1-4859-82A4-6B445AEDB82B}.Debug|Any CPU.Build.0 = Debug|Any CPU
		{E0695F24-00C1-4859-82A4-6B445AEDB82B}.Release|Any CPU.ActiveCfg = Release|Any CPU
		{E0695F24-00C1-4859-82A4-6B445AEDB82B}.Release|Any CPU.Build.0 = Release|Any CPU
		{82F52D5B-3376-4D95-B98E-3196849B5A58}.Debug|Any CPU.ActiveCfg = Debug|Any CPU
		{82F52D5B-3376-4D95-B98E-3196849B5A58}.Debug|Any CPU.Build.0 = Debug|Any CPU
		{82F52D5B-3376-4D95-B98E-3196849B5A58}.Release|Any CPU.ActiveCfg = Release|Any CPU
		{82F52D5B-3376-4D95-B98E-3196849B5A58}.Release|Any CPU.Build.0 = Release|Any CPU
		{F5B314C5-B431-47E1-A8EC-7F8654EBF42A}.Debug|Any CPU.ActiveCfg = Debug|Any CPU
		{F5B314C5-B431-47E1-A8EC-7F8654EBF42A}.Debug|Any CPU.Build.0 = Debug|Any CPU
		{F5B314C5-B431-47E1-A8EC-7F8654EBF42A}.Release|Any CPU.ActiveCfg = Release|Any CPU
		{F5B314C5-B431-47E1-A8EC-7F8654EBF42A}.Release|Any CPU.Build.0 = Release|Any CPU
		{316F919A-3752-4C48-A3F8-0EE37ABAAF02}.Debug|Any CPU.ActiveCfg = Debug|Any CPU
		{316F919A-3752-4C48-A3F8-0EE37ABAAF02}.Debug|Any CPU.Build.0 = Debug|Any CPU
		{316F919A-3752-4C48-A3F8-0EE37ABAAF02}.Release|Any CPU.ActiveCfg = Release|Any CPU
		{316F919A-3752-4C48-A3F8-0EE37ABAAF02}.Release|Any CPU.Build.0 = Release|Any CPU
		{E168C005-5EF9-4932-B239-281D096F9842}.Debug|Any CPU.ActiveCfg = Debug|Any CPU
		{E168C005-5EF9-4932-B239-281D096F9842}.Debug|Any CPU.Build.0 = Debug|Any CPU
		{E168C005-5EF9-4932-B239-281D096F9842}.Release|Any CPU.ActiveCfg = Release|Any CPU
		{E168C005-5EF9-4932-B239-281D096F9842}.Release|Any CPU.Build.0 = Release|Any CPU
	EndGlobalSection
	GlobalSection(SolutionProperties) = preSolution
		HideSolutionNode = FALSE
	EndGlobalSection
	GlobalSection(NestedProjects) = preSolution
		{F5B314C5-B431-47E1-A8EC-7F8654EBF42A} = {39F6CAE1-C7AD-4CF0-AD05-C358B330E2AB}
		{316F919A-3752-4C48-A3F8-0EE37ABAAF02} = {39F6CAE1-C7AD-4CF0-AD05-C358B330E2AB}
		{E168C005-5EF9-4932-B239-281D096F9842} = {28B9CA55-6B64-4CE7-A288-C92B001D3D3A}
	EndGlobalSection
	GlobalSection(ExtensibilityGlobals) = postSolution
		SolutionGuid = {91811F29-5F72-4978-A2F8-FAD4C4F3CEE8}
	EndGlobalSection
EndGlobal
